// !$*UTF8*$!
{
	archiveVersion = 1;
	classes = {
	};
	objectVersion = 46;
	objects = {

/* Begin PBXBuildFile section */
		C239D1A91CD974F800041011 /* libLoggerAPI.dylib in Frameworks */ = {isa = PBXBuildFile; fileRef = "_____Product_LoggerAPI" /* libLoggerAPI.dylib */; };
		C239D1AA1CD974F800041011 /* libCHttpParser.dylib in Frameworks */ = {isa = PBXBuildFile; fileRef = "_____Product_CHttpParser" /* libCHttpParser.dylib */; };
		C239D1AB1CD974F800041011 /* libSocket.dylib in Frameworks */ = {isa = PBXBuildFile; fileRef = "_____Product_Socket" /* libSocket.dylib */; };
		C239D1AC1CD974F800041011 /* libKituraSys.dylib in Frameworks */ = {isa = PBXBuildFile; fileRef = "_____Product_KituraSys" /* libKituraSys.dylib */; };
		C239D1AD1CD974F800041011 /* libSwiftyJSON.dylib in Frameworks */ = {isa = PBXBuildFile; fileRef = "_____Product_SwiftyJSON" /* libSwiftyJSON.dylib */; };
		C239D1AE1CD974F800041011 /* libLoggerAPI.dylib in Frameworks */ = {isa = PBXBuildFile; fileRef = "_____Product_LoggerAPI" /* libLoggerAPI.dylib */; };
		C239D1AF1CD974F800041011 /* libCHttpParser.dylib in Frameworks */ = {isa = PBXBuildFile; fileRef = "_____Product_CHttpParser" /* libCHttpParser.dylib */; };
		C239D1B01CD974F800041011 /* libSocket.dylib in Frameworks */ = {isa = PBXBuildFile; fileRef = "_____Product_Socket" /* libSocket.dylib */; };
		C239D1B11CD974F800041011 /* libKituraSys.dylib in Frameworks */ = {isa = PBXBuildFile; fileRef = "_____Product_KituraSys" /* libKituraSys.dylib */; };
		C239D1B21CD974F800041011 /* libKitura-TemplateEngine.dylib in Frameworks */ = {isa = PBXBuildFile; fileRef = "_____Product_KituraTemplateEngine" /* libKitura-TemplateEngine.dylib */; };
		C239D1B31CD974F800041011 /* libLoggerAPI.dylib in Frameworks */ = {isa = PBXBuildFile; fileRef = "_____Product_LoggerAPI" /* libLoggerAPI.dylib */; };
		C239D1B41CD974F800041011 /* libKituraNet.dylib in Frameworks */ = {isa = PBXBuildFile; fileRef = "_____Product_KituraNet" /* libKituraNet.dylib */; };
		C239D1B51CD974F800041011 /* libSwiftyJSON.dylib in Frameworks */ = {isa = PBXBuildFile; fileRef = "_____Product_SwiftyJSON" /* libSwiftyJSON.dylib */; };
		_LinkFileRef_CHttpParser /* libCHttpParser.dylib in Frameworks */ = {isa = PBXBuildFile; fileRef = "_____Product_CHttpParser" /* libCHttpParser.dylib */; };
		_LinkFileRef_Common /* libCommon.dylib in Frameworks */ = {isa = PBXBuildFile; fileRef = "_____Product_Common" /* libCommon.dylib */; };
		_LinkFileRef_Kitura /* libKitura.dylib in Frameworks */ = {isa = PBXBuildFile; fileRef = "_____Product_Kitura" /* libKitura.dylib */; };
		_LinkFileRef_KituraNet /* libKituraNet.dylib in Frameworks */ = {isa = PBXBuildFile; fileRef = "_____Product_KituraNet" /* libKituraNet.dylib */; };
		_LinkFileRef_KituraSys /* libKituraSys.dylib in Frameworks */ = {isa = PBXBuildFile; fileRef = "_____Product_KituraSys" /* libKituraSys.dylib */; };
		_LinkFileRef_KituraTemplateEngine /* libKitura-TemplateEngine.dylib in Frameworks */ = {isa = PBXBuildFile; fileRef = "_____Product_KituraTemplateEngine" /* libKitura-TemplateEngine.dylib */; };
		_LinkFileRef_LoggerAPI /* libLoggerAPI.dylib in Frameworks */ = {isa = PBXBuildFile; fileRef = "_____Product_LoggerAPI" /* libLoggerAPI.dylib */; };
		_LinkFileRef_Socket /* libSocket.dylib in Frameworks */ = {isa = PBXBuildFile; fileRef = "_____Product_Socket" /* libSocket.dylib */; };
		_LinkFileRef_SwiftyJSON /* libSwiftyJSON.dylib in Frameworks */ = {isa = PBXBuildFile; fileRef = "_____Product_SwiftyJSON" /* libSwiftyJSON.dylib */; };
		"__src_cc_ref_Packages/CHttpParser-0.1.1/Sources/CHttpParser/http_parser.c" /* http_parser.c in Sources */ = {isa = PBXBuildFile; fileRef = "__PBXFileRef_Packages/CHttpParser-0.1.1/Sources/CHttpParser/http_parser.c" /* http_parser.c */; };
		"__src_cc_ref_Packages/CHttpParser-0.1.1/Sources/CHttpParser/utils.c" /* utils.c in Sources */ = {isa = PBXBuildFile; fileRef = "__PBXFileRef_Packages/CHttpParser-0.1.1/Sources/CHttpParser/utils.c" /* utils.c */; };
		"__src_cc_ref_Packages/Common-1.2.1/Sources/Encodable.swift" /* Encodable.swift in Sources */ = {isa = PBXBuildFile; fileRef = "__PBXFileRef_Packages/Common-1.2.1/Sources/Encodable.swift" /* Encodable.swift */; };
		"__src_cc_ref_Packages/Common-1.2.1/Sources/List.swift" /* List.swift in Sources */ = {isa = PBXBuildFile; fileRef = "__PBXFileRef_Packages/Common-1.2.1/Sources/List.swift" /* List.swift */; };
		"__src_cc_ref_Packages/Common-1.2.1/Sources/Todo.swift" /* Todo.swift in Sources */ = {isa = PBXBuildFile; fileRef = "__PBXFileRef_Packages/Common-1.2.1/Sources/Todo.swift" /* Todo.swift */; };
		"__src_cc_ref_Packages/Kitura-0.11.3/Sources/Kitura/Error.swift" /* Error.swift in Sources */ = {isa = PBXBuildFile; fileRef = "__PBXFileRef_Packages/Kitura-0.11.3/Sources/Kitura/Error.swift" /* Error.swift */; };
		"__src_cc_ref_Packages/Kitura-0.11.3/Sources/Kitura/InternalError.swift" /* InternalError.swift in Sources */ = {isa = PBXBuildFile; fileRef = "__PBXFileRef_Packages/Kitura-0.11.3/Sources/Kitura/InternalError.swift" /* InternalError.swift */; };
		"__src_cc_ref_Packages/Kitura-0.11.3/Sources/Kitura/RouteRegex.swift" /* RouteRegex.swift in Sources */ = {isa = PBXBuildFile; fileRef = "__PBXFileRef_Packages/Kitura-0.11.3/Sources/Kitura/RouteRegex.swift" /* RouteRegex.swift */; };
		"__src_cc_ref_Packages/Kitura-0.11.3/Sources/Kitura/Router.swift" /* Router.swift in Sources */ = {isa = PBXBuildFile; fileRef = "__PBXFileRef_Packages/Kitura-0.11.3/Sources/Kitura/Router.swift" /* Router.swift */; };
		"__src_cc_ref_Packages/Kitura-0.11.3/Sources/Kitura/RouterElement.swift" /* RouterElement.swift in Sources */ = {isa = PBXBuildFile; fileRef = "__PBXFileRef_Packages/Kitura-0.11.3/Sources/Kitura/RouterElement.swift" /* RouterElement.swift */; };
		"__src_cc_ref_Packages/Kitura-0.11.3/Sources/Kitura/RouterHandler.swift" /* RouterHandler.swift in Sources */ = {isa = PBXBuildFile; fileRef = "__PBXFileRef_Packages/Kitura-0.11.3/Sources/Kitura/RouterHandler.swift" /* RouterHandler.swift */; };
		"__src_cc_ref_Packages/Kitura-0.11.3/Sources/Kitura/RouterMethod.swift" /* RouterMethod.swift in Sources */ = {isa = PBXBuildFile; fileRef = "__PBXFileRef_Packages/Kitura-0.11.3/Sources/Kitura/RouterMethod.swift" /* RouterMethod.swift */; };
		"__src_cc_ref_Packages/Kitura-0.11.3/Sources/Kitura/RouterMiddleware.swift" /* RouterMiddleware.swift in Sources */ = {isa = PBXBuildFile; fileRef = "__PBXFileRef_Packages/Kitura-0.11.3/Sources/Kitura/RouterMiddleware.swift" /* RouterMiddleware.swift */; };
		"__src_cc_ref_Packages/Kitura-0.11.3/Sources/Kitura/RouterMiddlewareGenerator.swift" /* RouterMiddlewareGenerator.swift in Sources */ = {isa = PBXBuildFile; fileRef = "__PBXFileRef_Packages/Kitura-0.11.3/Sources/Kitura/RouterMiddlewareGenerator.swift" /* RouterMiddlewareGenerator.swift */; };
		"__src_cc_ref_Packages/Kitura-0.11.3/Sources/Kitura/RouterRequest.swift" /* RouterRequest.swift in Sources */ = {isa = PBXBuildFile; fileRef = "__PBXFileRef_Packages/Kitura-0.11.3/Sources/Kitura/RouterRequest.swift" /* RouterRequest.swift */; };
		"__src_cc_ref_Packages/Kitura-0.11.3/Sources/Kitura/RouterResponse.swift" /* RouterResponse.swift in Sources */ = {isa = PBXBuildFile; fileRef = "__PBXFileRef_Packages/Kitura-0.11.3/Sources/Kitura/RouterResponse.swift" /* RouterResponse.swift */; };
		"__src_cc_ref_Packages/Kitura-0.11.3/Sources/Kitura/TemplatingError.swift" /* TemplatingError.swift in Sources */ = {isa = PBXBuildFile; fileRef = "__PBXFileRef_Packages/Kitura-0.11.3/Sources/Kitura/TemplatingError.swift" /* TemplatingError.swift */; };
		"__src_cc_ref_Packages/Kitura-0.11.3/Sources/Kitura/bodyParser/BodyParser.swift" /* bodyParser/BodyParser.swift in Sources */ = {isa = PBXBuildFile; fileRef = "__PBXFileRef_Packages/Kitura-0.11.3/Sources/Kitura/bodyParser/BodyParser.swift" /* bodyParser/BodyParser.swift */; };
		"__src_cc_ref_Packages/Kitura-0.11.3/Sources/Kitura/bodyParser/ParsedBody.swift" /* bodyParser/ParsedBody.swift in Sources */ = {isa = PBXBuildFile; fileRef = "__PBXFileRef_Packages/Kitura-0.11.3/Sources/Kitura/bodyParser/ParsedBody.swift" /* bodyParser/ParsedBody.swift */; };
		"__src_cc_ref_Packages/Kitura-0.11.3/Sources/Kitura/contentType/ContentType.swift" /* contentType/ContentType.swift in Sources */ = {isa = PBXBuildFile; fileRef = "__PBXFileRef_Packages/Kitura-0.11.3/Sources/Kitura/contentType/ContentType.swift" /* contentType/ContentType.swift */; };
		"__src_cc_ref_Packages/Kitura-0.11.3/Sources/Kitura/contentType/types.swift" /* contentType/types.swift in Sources */ = {isa = PBXBuildFile; fileRef = "__PBXFileRef_Packages/Kitura-0.11.3/Sources/Kitura/contentType/types.swift" /* contentType/types.swift */; };
		"__src_cc_ref_Packages/Kitura-0.11.3/Sources/Kitura/staticFileServer/ResponseHeadersSetter.swift" /* staticFileServer/ResponseHeadersSetter.swift in Sources */ = {isa = PBXBuildFile; fileRef = "__PBXFileRef_Packages/Kitura-0.11.3/Sources/Kitura/staticFileServer/ResponseHeadersSetter.swift" /* staticFileServer/ResponseHeadersSetter.swift */; };
		"__src_cc_ref_Packages/Kitura-0.11.3/Sources/Kitura/staticFileServer/StaticFileServer.swift" /* staticFileServer/StaticFileServer.swift in Sources */ = {isa = PBXBuildFile; fileRef = "__PBXFileRef_Packages/Kitura-0.11.3/Sources/Kitura/staticFileServer/StaticFileServer.swift" /* staticFileServer/StaticFileServer.swift */; };
		"__src_cc_ref_Packages/Kitura-Sys-0.11.0/Sources/KituraSys/Queue.swift" /* Queue.swift in Sources */ = {isa = PBXBuildFile; fileRef = "__PBXFileRef_Packages/Kitura-Sys-0.11.0/Sources/KituraSys/Queue.swift" /* Queue.swift */; };
		"__src_cc_ref_Packages/Kitura-Sys-0.11.0/Sources/KituraSys/Server.swift" /* Server.swift in Sources */ = {isa = PBXBuildFile; fileRef = "__PBXFileRef_Packages/Kitura-Sys-0.11.0/Sources/KituraSys/Server.swift" /* Server.swift */; };
		"__src_cc_ref_Packages/Kitura-Sys-0.11.0/Sources/KituraSys/StringUtils.swift" /* StringUtils.swift in Sources */ = {isa = PBXBuildFile; fileRef = "__PBXFileRef_Packages/Kitura-Sys-0.11.0/Sources/KituraSys/StringUtils.swift" /* StringUtils.swift */; };
		"__src_cc_ref_Packages/Kitura-Sys-0.11.0/Sources/KituraSys/SysUtils.swift" /* SysUtils.swift in Sources */ = {isa = PBXBuildFile; fileRef = "__PBXFileRef_Packages/Kitura-Sys-0.11.0/Sources/KituraSys/SysUtils.swift" /* SysUtils.swift */; };
		"__src_cc_ref_Packages/Kitura-TemplateEngine-0.9.0/Sources/TemplateEngine.swift" /* TemplateEngine.swift in Sources */ = {isa = PBXBuildFile; fileRef = "__PBXFileRef_Packages/Kitura-TemplateEngine-0.9.0/Sources/TemplateEngine.swift" /* TemplateEngine.swift */; };
		"__src_cc_ref_Packages/Kitura-net-0.11.6/Sources/KituraNet/BufferList.swift" /* BufferList.swift in Sources */ = {isa = PBXBuildFile; fileRef = "__PBXFileRef_Packages/Kitura-net-0.11.6/Sources/KituraNet/BufferList.swift" /* BufferList.swift */; };
		"__src_cc_ref_Packages/Kitura-net-0.11.6/Sources/KituraNet/ClientRequest.swift" /* ClientRequest.swift in Sources */ = {isa = PBXBuildFile; fileRef = "__PBXFileRef_Packages/Kitura-net-0.11.6/Sources/KituraNet/ClientRequest.swift" /* ClientRequest.swift */; };
		"__src_cc_ref_Packages/Kitura-net-0.11.6/Sources/KituraNet/ClientResponse.swift" /* ClientResponse.swift in Sources */ = {isa = PBXBuildFile; fileRef = "__PBXFileRef_Packages/Kitura-net-0.11.6/Sources/KituraNet/ClientResponse.swift" /* ClientResponse.swift */; };
		"__src_cc_ref_Packages/Kitura-net-0.11.6/Sources/KituraNet/Http.swift" /* Http.swift in Sources */ = {isa = PBXBuildFile; fileRef = "__PBXFileRef_Packages/Kitura-net-0.11.6/Sources/KituraNet/Http.swift" /* Http.swift */; };
		"__src_cc_ref_Packages/Kitura-net-0.11.6/Sources/KituraNet/HttpParser/HttpParser.swift" /* HttpParser/HttpParser.swift in Sources */ = {isa = PBXBuildFile; fileRef = "__PBXFileRef_Packages/Kitura-net-0.11.6/Sources/KituraNet/HttpParser/HttpParser.swift" /* HttpParser/HttpParser.swift */; };
		"__src_cc_ref_Packages/Kitura-net-0.11.6/Sources/KituraNet/HttpParser/UrlParser.swift" /* HttpParser/UrlParser.swift in Sources */ = {isa = PBXBuildFile; fileRef = "__PBXFileRef_Packages/Kitura-net-0.11.6/Sources/KituraNet/HttpParser/UrlParser.swift" /* HttpParser/UrlParser.swift */; };
		"__src_cc_ref_Packages/Kitura-net-0.11.6/Sources/KituraNet/HttpServer.swift" /* HttpServer.swift in Sources */ = {isa = PBXBuildFile; fileRef = "__PBXFileRef_Packages/Kitura-net-0.11.6/Sources/KituraNet/HttpServer.swift" /* HttpServer.swift */; };
		"__src_cc_ref_Packages/Kitura-net-0.11.6/Sources/KituraNet/HttpServerSpi.swift" /* HttpServerSpi.swift in Sources */ = {isa = PBXBuildFile; fileRef = "__PBXFileRef_Packages/Kitura-net-0.11.6/Sources/KituraNet/HttpServerSpi.swift" /* HttpServerSpi.swift */; };
		"__src_cc_ref_Packages/Kitura-net-0.11.6/Sources/KituraNet/IncomingMessage.swift" /* IncomingMessage.swift in Sources */ = {isa = PBXBuildFile; fileRef = "__PBXFileRef_Packages/Kitura-net-0.11.6/Sources/KituraNet/IncomingMessage.swift" /* IncomingMessage.swift */; };
		"__src_cc_ref_Packages/Kitura-net-0.11.6/Sources/KituraNet/ServerRequest.swift" /* ServerRequest.swift in Sources */ = {isa = PBXBuildFile; fileRef = "__PBXFileRef_Packages/Kitura-net-0.11.6/Sources/KituraNet/ServerRequest.swift" /* ServerRequest.swift */; };
		"__src_cc_ref_Packages/Kitura-net-0.11.6/Sources/KituraNet/ServerResponse.swift" /* ServerResponse.swift in Sources */ = {isa = PBXBuildFile; fileRef = "__PBXFileRef_Packages/Kitura-net-0.11.6/Sources/KituraNet/ServerResponse.swift" /* ServerResponse.swift */; };
		"__src_cc_ref_Packages/Kitura-net-0.11.6/Sources/KituraNet/SpiUtils.swift" /* SpiUtils.swift in Sources */ = {isa = PBXBuildFile; fileRef = "__PBXFileRef_Packages/Kitura-net-0.11.6/Sources/KituraNet/SpiUtils.swift" /* SpiUtils.swift */; };
		"__src_cc_ref_Packages/LoggerAPI-0.5.1/Sources/LoggerAPI/Logger.swift" /* Logger.swift in Sources */ = {isa = PBXBuildFile; fileRef = "__PBXFileRef_Packages/LoggerAPI-0.5.1/Sources/LoggerAPI/Logger.swift" /* Logger.swift */; };
		"__src_cc_ref_Packages/Socket-0.5.1/Sources/Socket.swift" /* Socket.swift in Sources */ = {isa = PBXBuildFile; fileRef = "__PBXFileRef_Packages/Socket-0.5.1/Sources/Socket.swift" /* Socket.swift */; };
		"__src_cc_ref_Packages/Socket-0.5.1/Sources/SocketProtocols.swift" /* SocketProtocols.swift in Sources */ = {isa = PBXBuildFile; fileRef = "__PBXFileRef_Packages/Socket-0.5.1/Sources/SocketProtocols.swift" /* SocketProtocols.swift */; };
		"__src_cc_ref_Packages/Socket-0.5.1/Sources/SocketUtils.swift" /* SocketUtils.swift in Sources */ = {isa = PBXBuildFile; fileRef = "__PBXFileRef_Packages/Socket-0.5.1/Sources/SocketUtils.swift" /* SocketUtils.swift */; };
		"__src_cc_ref_Packages/SwiftyJSON-6.1.0/Source/LclJSONSerialization.swift" /* LclJSONSerialization.swift in Sources */ = {isa = PBXBuildFile; fileRef = "__PBXFileRef_Packages/SwiftyJSON-6.1.0/Source/LclJSONSerialization.swift" /* LclJSONSerialization.swift */; };
		"__src_cc_ref_Packages/SwiftyJSON-6.1.0/Source/NSExtension.swift" /* NSExtension.swift in Sources */ = {isa = PBXBuildFile; fileRef = "__PBXFileRef_Packages/SwiftyJSON-6.1.0/Source/NSExtension.swift" /* NSExtension.swift */; };
		"__src_cc_ref_Packages/SwiftyJSON-6.1.0/Source/SwiftyJSON.swift" /* SwiftyJSON.swift in Sources */ = {isa = PBXBuildFile; fileRef = "__PBXFileRef_Packages/SwiftyJSON-6.1.0/Source/SwiftyJSON.swift" /* SwiftyJSON.swift */; };
		__src_cc_ref_Sources/main.swift /* main.swift in Sources */ = {isa = PBXBuildFile; fileRef = __PBXFileRef_Sources/main.swift /* main.swift */; };
/* End PBXBuildFile section */

/* Begin PBXContainerItemProxy section */
		C239D1B61CD974F800041011 /* PBXContainerItemProxy */ = {
			isa = PBXContainerItemProxy;
			containerPortal = __RootObject_ /* Project object */;
			proxyType = 1;
			remoteGlobalIDString = "______Target_SwiftyJSON";
			remoteInfo = SwiftyJSON;
		};
		C239D1B71CD974F800041011 /* PBXContainerItemProxy */ = {
			isa = PBXContainerItemProxy;
			containerPortal = __RootObject_ /* Project object */;
			proxyType = 1;
			remoteGlobalIDString = "______Target_LoggerAPI";
			remoteInfo = LoggerAPI;
		};
		C239D1B81CD974F800041011 /* PBXContainerItemProxy */ = {
			isa = PBXContainerItemProxy;
			containerPortal = __RootObject_ /* Project object */;
			proxyType = 1;
			remoteGlobalIDString = "______Target_CHttpParser";
			remoteInfo = CHttpParser;
		};
		C239D1B91CD974F800041011 /* PBXContainerItemProxy */ = {
			isa = PBXContainerItemProxy;
			containerPortal = __RootObject_ /* Project object */;
			proxyType = 1;
			remoteGlobalIDString = "______Target_Socket";
			remoteInfo = Socket;
		};
		C239D1BA1CD974F800041011 /* PBXContainerItemProxy */ = {
			isa = PBXContainerItemProxy;
			containerPortal = __RootObject_ /* Project object */;
			proxyType = 1;
			remoteGlobalIDString = "______Target_KituraSys";
			remoteInfo = KituraSys;
		};
		C239D1BB1CD974F800041011 /* PBXContainerItemProxy */ = {
			isa = PBXContainerItemProxy;
			containerPortal = __RootObject_ /* Project object */;
			proxyType = 1;
			remoteGlobalIDString = "______Target_KituraTemplateEngine";
			remoteInfo = "Kitura-TemplateEngine";
		};
		C239D1BC1CD974F800041011 /* PBXContainerItemProxy */ = {
			isa = PBXContainerItemProxy;
			containerPortal = __RootObject_ /* Project object */;
			proxyType = 1;
			remoteGlobalIDString = "______Target_KituraNet";
			remoteInfo = KituraNet;
		};
		C239D1BD1CD974F800041011 /* PBXContainerItemProxy */ = {
			isa = PBXContainerItemProxy;
			containerPortal = __RootObject_ /* Project object */;
			proxyType = 1;
			remoteGlobalIDString = "______Target_Kitura";
			remoteInfo = Kitura;
		};
		C239D1BE1CD974F800041011 /* PBXContainerItemProxy */ = {
			isa = PBXContainerItemProxy;
			containerPortal = __RootObject_ /* Project object */;
			proxyType = 1;
			remoteGlobalIDString = "______Target_Common";
			remoteInfo = Common;
		};
/* End PBXContainerItemProxy section */

/* Begin PBXFileReference section */
		"__PBXFileRef_Packages/CHttpParser-0.1.1/Sources/CHttpParser/http_parser.c" /* http_parser.c */ = {isa = PBXFileReference; lastKnownFileType = sourcecode.c.c; path = http_parser.c; sourceTree = "<group>"; };
		"__PBXFileRef_Packages/CHttpParser-0.1.1/Sources/CHttpParser/utils.c" /* utils.c */ = {isa = PBXFileReference; lastKnownFileType = sourcecode.c.c; path = utils.c; sourceTree = "<group>"; };
		"__PBXFileRef_Packages/Common-1.2.1/Sources/Encodable.swift" /* Encodable.swift */ = {isa = PBXFileReference; lastKnownFileType = sourcecode.swift; path = Encodable.swift; sourceTree = "<group>"; };
		"__PBXFileRef_Packages/Common-1.2.1/Sources/List.swift" /* List.swift */ = {isa = PBXFileReference; lastKnownFileType = sourcecode.swift; path = List.swift; sourceTree = "<group>"; };
		"__PBXFileRef_Packages/Common-1.2.1/Sources/Todo.swift" /* Todo.swift */ = {isa = PBXFileReference; lastKnownFileType = sourcecode.swift; path = Todo.swift; sourceTree = "<group>"; };
		"__PBXFileRef_Packages/Kitura-0.11.3/Sources/Kitura/Error.swift" /* Error.swift */ = {isa = PBXFileReference; lastKnownFileType = sourcecode.swift; path = Error.swift; sourceTree = "<group>"; };
		"__PBXFileRef_Packages/Kitura-0.11.3/Sources/Kitura/InternalError.swift" /* InternalError.swift */ = {isa = PBXFileReference; lastKnownFileType = sourcecode.swift; path = InternalError.swift; sourceTree = "<group>"; };
		"__PBXFileRef_Packages/Kitura-0.11.3/Sources/Kitura/RouteRegex.swift" /* RouteRegex.swift */ = {isa = PBXFileReference; lastKnownFileType = sourcecode.swift; path = RouteRegex.swift; sourceTree = "<group>"; };
		"__PBXFileRef_Packages/Kitura-0.11.3/Sources/Kitura/Router.swift" /* Router.swift */ = {isa = PBXFileReference; lastKnownFileType = sourcecode.swift; path = Router.swift; sourceTree = "<group>"; };
		"__PBXFileRef_Packages/Kitura-0.11.3/Sources/Kitura/RouterElement.swift" /* RouterElement.swift */ = {isa = PBXFileReference; lastKnownFileType = sourcecode.swift; path = RouterElement.swift; sourceTree = "<group>"; };
		"__PBXFileRef_Packages/Kitura-0.11.3/Sources/Kitura/RouterHandler.swift" /* RouterHandler.swift */ = {isa = PBXFileReference; lastKnownFileType = sourcecode.swift; path = RouterHandler.swift; sourceTree = "<group>"; };
		"__PBXFileRef_Packages/Kitura-0.11.3/Sources/Kitura/RouterMethod.swift" /* RouterMethod.swift */ = {isa = PBXFileReference; lastKnownFileType = sourcecode.swift; path = RouterMethod.swift; sourceTree = "<group>"; };
		"__PBXFileRef_Packages/Kitura-0.11.3/Sources/Kitura/RouterMiddleware.swift" /* RouterMiddleware.swift */ = {isa = PBXFileReference; lastKnownFileType = sourcecode.swift; path = RouterMiddleware.swift; sourceTree = "<group>"; };
		"__PBXFileRef_Packages/Kitura-0.11.3/Sources/Kitura/RouterMiddlewareGenerator.swift" /* RouterMiddlewareGenerator.swift */ = {isa = PBXFileReference; lastKnownFileType = sourcecode.swift; path = RouterMiddlewareGenerator.swift; sourceTree = "<group>"; };
		"__PBXFileRef_Packages/Kitura-0.11.3/Sources/Kitura/RouterRequest.swift" /* RouterRequest.swift */ = {isa = PBXFileReference; lastKnownFileType = sourcecode.swift; path = RouterRequest.swift; sourceTree = "<group>"; };
		"__PBXFileRef_Packages/Kitura-0.11.3/Sources/Kitura/RouterResponse.swift" /* RouterResponse.swift */ = {isa = PBXFileReference; lastKnownFileType = sourcecode.swift; path = RouterResponse.swift; sourceTree = "<group>"; };
		"__PBXFileRef_Packages/Kitura-0.11.3/Sources/Kitura/TemplatingError.swift" /* TemplatingError.swift */ = {isa = PBXFileReference; lastKnownFileType = sourcecode.swift; path = TemplatingError.swift; sourceTree = "<group>"; };
		"__PBXFileRef_Packages/Kitura-0.11.3/Sources/Kitura/bodyParser/BodyParser.swift" /* bodyParser/BodyParser.swift */ = {isa = PBXFileReference; lastKnownFileType = sourcecode.swift; path = bodyParser/BodyParser.swift; sourceTree = "<group>"; };
		"__PBXFileRef_Packages/Kitura-0.11.3/Sources/Kitura/bodyParser/ParsedBody.swift" /* bodyParser/ParsedBody.swift */ = {isa = PBXFileReference; lastKnownFileType = sourcecode.swift; path = bodyParser/ParsedBody.swift; sourceTree = "<group>"; };
		"__PBXFileRef_Packages/Kitura-0.11.3/Sources/Kitura/contentType/ContentType.swift" /* contentType/ContentType.swift */ = {isa = PBXFileReference; lastKnownFileType = sourcecode.swift; path = contentType/ContentType.swift; sourceTree = "<group>"; };
		"__PBXFileRef_Packages/Kitura-0.11.3/Sources/Kitura/contentType/types.swift" /* contentType/types.swift */ = {isa = PBXFileReference; lastKnownFileType = sourcecode.swift; path = contentType/types.swift; sourceTree = "<group>"; };
		"__PBXFileRef_Packages/Kitura-0.11.3/Sources/Kitura/staticFileServer/ResponseHeadersSetter.swift" /* staticFileServer/ResponseHeadersSetter.swift */ = {isa = PBXFileReference; lastKnownFileType = sourcecode.swift; path = staticFileServer/ResponseHeadersSetter.swift; sourceTree = "<group>"; };
		"__PBXFileRef_Packages/Kitura-0.11.3/Sources/Kitura/staticFileServer/StaticFileServer.swift" /* staticFileServer/StaticFileServer.swift */ = {isa = PBXFileReference; lastKnownFileType = sourcecode.swift; path = staticFileServer/StaticFileServer.swift; sourceTree = "<group>"; };
		"__PBXFileRef_Packages/Kitura-Sys-0.11.0/Sources/KituraSys/Queue.swift" /* Queue.swift */ = {isa = PBXFileReference; lastKnownFileType = sourcecode.swift; path = Queue.swift; sourceTree = "<group>"; };
		"__PBXFileRef_Packages/Kitura-Sys-0.11.0/Sources/KituraSys/Server.swift" /* Server.swift */ = {isa = PBXFileReference; lastKnownFileType = sourcecode.swift; path = Server.swift; sourceTree = "<group>"; };
		"__PBXFileRef_Packages/Kitura-Sys-0.11.0/Sources/KituraSys/StringUtils.swift" /* StringUtils.swift */ = {isa = PBXFileReference; lastKnownFileType = sourcecode.swift; path = StringUtils.swift; sourceTree = "<group>"; };
		"__PBXFileRef_Packages/Kitura-Sys-0.11.0/Sources/KituraSys/SysUtils.swift" /* SysUtils.swift */ = {isa = PBXFileReference; lastKnownFileType = sourcecode.swift; path = SysUtils.swift; sourceTree = "<group>"; };
		"__PBXFileRef_Packages/Kitura-TemplateEngine-0.9.0/Sources/TemplateEngine.swift" /* TemplateEngine.swift */ = {isa = PBXFileReference; lastKnownFileType = sourcecode.swift; path = TemplateEngine.swift; sourceTree = "<group>"; };
		"__PBXFileRef_Packages/Kitura-net-0.11.6/Sources/KituraNet/BufferList.swift" /* BufferList.swift */ = {isa = PBXFileReference; lastKnownFileType = sourcecode.swift; path = BufferList.swift; sourceTree = "<group>"; };
		"__PBXFileRef_Packages/Kitura-net-0.11.6/Sources/KituraNet/ClientRequest.swift" /* ClientRequest.swift */ = {isa = PBXFileReference; lastKnownFileType = sourcecode.swift; path = ClientRequest.swift; sourceTree = "<group>"; };
		"__PBXFileRef_Packages/Kitura-net-0.11.6/Sources/KituraNet/ClientResponse.swift" /* ClientResponse.swift */ = {isa = PBXFileReference; lastKnownFileType = sourcecode.swift; path = ClientResponse.swift; sourceTree = "<group>"; };
		"__PBXFileRef_Packages/Kitura-net-0.11.6/Sources/KituraNet/Http.swift" /* Http.swift */ = {isa = PBXFileReference; lastKnownFileType = sourcecode.swift; path = Http.swift; sourceTree = "<group>"; };
		"__PBXFileRef_Packages/Kitura-net-0.11.6/Sources/KituraNet/HttpParser/HttpParser.swift" /* HttpParser/HttpParser.swift */ = {isa = PBXFileReference; lastKnownFileType = sourcecode.swift; path = HttpParser/HttpParser.swift; sourceTree = "<group>"; };
		"__PBXFileRef_Packages/Kitura-net-0.11.6/Sources/KituraNet/HttpParser/UrlParser.swift" /* HttpParser/UrlParser.swift */ = {isa = PBXFileReference; lastKnownFileType = sourcecode.swift; path = HttpParser/UrlParser.swift; sourceTree = "<group>"; };
		"__PBXFileRef_Packages/Kitura-net-0.11.6/Sources/KituraNet/HttpServer.swift" /* HttpServer.swift */ = {isa = PBXFileReference; lastKnownFileType = sourcecode.swift; path = HttpServer.swift; sourceTree = "<group>"; };
		"__PBXFileRef_Packages/Kitura-net-0.11.6/Sources/KituraNet/HttpServerSpi.swift" /* HttpServerSpi.swift */ = {isa = PBXFileReference; lastKnownFileType = sourcecode.swift; path = HttpServerSpi.swift; sourceTree = "<group>"; };
		"__PBXFileRef_Packages/Kitura-net-0.11.6/Sources/KituraNet/IncomingMessage.swift" /* IncomingMessage.swift */ = {isa = PBXFileReference; lastKnownFileType = sourcecode.swift; path = IncomingMessage.swift; sourceTree = "<group>"; };
		"__PBXFileRef_Packages/Kitura-net-0.11.6/Sources/KituraNet/ServerRequest.swift" /* ServerRequest.swift */ = {isa = PBXFileReference; lastKnownFileType = sourcecode.swift; path = ServerRequest.swift; sourceTree = "<group>"; };
		"__PBXFileRef_Packages/Kitura-net-0.11.6/Sources/KituraNet/ServerResponse.swift" /* ServerResponse.swift */ = {isa = PBXFileReference; lastKnownFileType = sourcecode.swift; path = ServerResponse.swift; sourceTree = "<group>"; };
		"__PBXFileRef_Packages/Kitura-net-0.11.6/Sources/KituraNet/SpiUtils.swift" /* SpiUtils.swift */ = {isa = PBXFileReference; lastKnownFileType = sourcecode.swift; path = SpiUtils.swift; sourceTree = "<group>"; };
		"__PBXFileRef_Packages/LoggerAPI-0.5.1/Sources/LoggerAPI/Logger.swift" /* Logger.swift */ = {isa = PBXFileReference; lastKnownFileType = sourcecode.swift; path = Logger.swift; sourceTree = "<group>"; };
		"__PBXFileRef_Packages/Socket-0.5.1/Sources/Socket.swift" /* Socket.swift */ = {isa = PBXFileReference; lastKnownFileType = sourcecode.swift; path = Socket.swift; sourceTree = "<group>"; };
		"__PBXFileRef_Packages/Socket-0.5.1/Sources/SocketProtocols.swift" /* SocketProtocols.swift */ = {isa = PBXFileReference; lastKnownFileType = sourcecode.swift; path = SocketProtocols.swift; sourceTree = "<group>"; };
		"__PBXFileRef_Packages/Socket-0.5.1/Sources/SocketUtils.swift" /* SocketUtils.swift */ = {isa = PBXFileReference; lastKnownFileType = sourcecode.swift; path = SocketUtils.swift; sourceTree = "<group>"; };
		"__PBXFileRef_Packages/SwiftyJSON-6.1.0/Source/LclJSONSerialization.swift" /* LclJSONSerialization.swift */ = {isa = PBXFileReference; lastKnownFileType = sourcecode.swift; path = LclJSONSerialization.swift; sourceTree = "<group>"; };
		"__PBXFileRef_Packages/SwiftyJSON-6.1.0/Source/NSExtension.swift" /* NSExtension.swift */ = {isa = PBXFileReference; lastKnownFileType = sourcecode.swift; path = NSExtension.swift; sourceTree = "<group>"; };
		"__PBXFileRef_Packages/SwiftyJSON-6.1.0/Source/SwiftyJSON.swift" /* SwiftyJSON.swift */ = {isa = PBXFileReference; lastKnownFileType = sourcecode.swift; path = SwiftyJSON.swift; sourceTree = "<group>"; };
		__PBXFileRef_Sources/main.swift /* main.swift */ = {isa = PBXFileReference; lastKnownFileType = sourcecode.swift; path = main.swift; sourceTree = "<group>"; };
		"_____Product_CHttpParser" /* libCHttpParser.dylib */ = {isa = PBXFileReference; explicitFileType = "compiled.mach-o.dylib"; path = libCHttpParser.dylib; sourceTree = BUILT_PRODUCTS_DIR; };
		"_____Product_Common" /* libCommon.dylib */ = {isa = PBXFileReference; explicitFileType = "compiled.mach-o.dylib"; path = libCommon.dylib; sourceTree = BUILT_PRODUCTS_DIR; };
		"_____Product_Kitura" /* libKitura.dylib */ = {isa = PBXFileReference; explicitFileType = "compiled.mach-o.dylib"; path = libKitura.dylib; sourceTree = BUILT_PRODUCTS_DIR; };
		"_____Product_KituraNet" /* libKituraNet.dylib */ = {isa = PBXFileReference; explicitFileType = "compiled.mach-o.dylib"; path = libKituraNet.dylib; sourceTree = BUILT_PRODUCTS_DIR; };
		"_____Product_KituraSys" /* libKituraSys.dylib */ = {isa = PBXFileReference; explicitFileType = "compiled.mach-o.dylib"; path = libKituraSys.dylib; sourceTree = BUILT_PRODUCTS_DIR; };
		"_____Product_KituraTemplateEngine" /* libKitura-TemplateEngine.dylib */ = {isa = PBXFileReference; explicitFileType = "compiled.mach-o.dylib"; path = "libKitura-TemplateEngine.dylib"; sourceTree = BUILT_PRODUCTS_DIR; };
		"_____Product_LoggerAPI" /* libLoggerAPI.dylib */ = {isa = PBXFileReference; explicitFileType = "compiled.mach-o.dylib"; path = libLoggerAPI.dylib; sourceTree = BUILT_PRODUCTS_DIR; };
		"_____Product_Server" /* Server */ = {isa = PBXFileReference; explicitFileType = "compiled.mach-o.executable"; path = Server; sourceTree = BUILT_PRODUCTS_DIR; };
		"_____Product_Socket" /* libSocket.dylib */ = {isa = PBXFileReference; explicitFileType = "compiled.mach-o.dylib"; path = libSocket.dylib; sourceTree = BUILT_PRODUCTS_DIR; };
		"_____Product_SwiftyJSON" /* libSwiftyJSON.dylib */ = {isa = PBXFileReference; explicitFileType = "compiled.mach-o.dylib"; path = libSwiftyJSON.dylib; sourceTree = BUILT_PRODUCTS_DIR; };
/* End PBXFileReference section */

/* Begin PBXFrameworksBuildPhase section */
		"___LinkPhase_CHttpParser" /* Frameworks */ = {
			isa = PBXFrameworksBuildPhase;
			buildActionMask = 0;
			files = (
			);
			runOnlyForDeploymentPostprocessing = 0;
		};
		"___LinkPhase_Common" /* Frameworks */ = {
			isa = PBXFrameworksBuildPhase;
			buildActionMask = 0;
			files = (
				_LinkFileRef_SwiftyJSON /* libSwiftyJSON.dylib in Frameworks */,
			);
			runOnlyForDeploymentPostprocessing = 0;
		};
		"___LinkPhase_Kitura" /* Frameworks */ = {
			isa = PBXFrameworksBuildPhase;
			buildActionMask = 0;
			files = (
				C239D1AA1CD974F800041011 /* libCHttpParser.dylib in Frameworks */,
				C239D1AB1CD974F800041011 /* libSocket.dylib in Frameworks */,
				C239D1AC1CD974F800041011 /* libKituraSys.dylib in Frameworks */,
				_LinkFileRef_KituraTemplateEngine /* libKitura-TemplateEngine.dylib in Frameworks */,
				C239D1AD1CD974F800041011 /* libSwiftyJSON.dylib in Frameworks */,
				C239D1AE1CD974F800041011 /* libLoggerAPI.dylib in Frameworks */,
				_LinkFileRef_KituraNet /* libKituraNet.dylib in Frameworks */,
			);
			runOnlyForDeploymentPostprocessing = 0;
		};
		"___LinkPhase_KituraNet" /* Frameworks */ = {
			isa = PBXFrameworksBuildPhase;
			buildActionMask = 0;
			files = (
				_LinkFileRef_CHttpParser /* libCHttpParser.dylib in Frameworks */,
				C239D1A91CD974F800041011 /* libLoggerAPI.dylib in Frameworks */,
				_LinkFileRef_Socket /* libSocket.dylib in Frameworks */,
				_LinkFileRef_KituraSys /* libKituraSys.dylib in Frameworks */,
			);
			runOnlyForDeploymentPostprocessing = 0;
		};
		"___LinkPhase_KituraSys" /* Frameworks */ = {
			isa = PBXFrameworksBuildPhase;
			buildActionMask = 0;
			files = (
				_LinkFileRef_LoggerAPI /* libLoggerAPI.dylib in Frameworks */,
			);
			runOnlyForDeploymentPostprocessing = 0;
		};
		"___LinkPhase_KituraTemplateEngine" /* Frameworks */ = {
			isa = PBXFrameworksBuildPhase;
			buildActionMask = 0;
			files = (
			);
			runOnlyForDeploymentPostprocessing = 0;
		};
		"___LinkPhase_LoggerAPI" /* Frameworks */ = {
			isa = PBXFrameworksBuildPhase;
			buildActionMask = 0;
			files = (
			);
			runOnlyForDeploymentPostprocessing = 0;
		};
		"___LinkPhase_Server" /* Frameworks */ = {
			isa = PBXFrameworksBuildPhase;
			buildActionMask = 0;
			files = (
				C239D1AF1CD974F800041011 /* libCHttpParser.dylib in Frameworks */,
				C239D1B01CD974F800041011 /* libSocket.dylib in Frameworks */,
				C239D1B11CD974F800041011 /* libKituraSys.dylib in Frameworks */,
				C239D1B21CD974F800041011 /* libKitura-TemplateEngine.dylib in Frameworks */,
				C239D1B31CD974F800041011 /* libLoggerAPI.dylib in Frameworks */,
				C239D1B41CD974F800041011 /* libKituraNet.dylib in Frameworks */,
				C239D1B51CD974F800041011 /* libSwiftyJSON.dylib in Frameworks */,
				_LinkFileRef_Kitura /* libKitura.dylib in Frameworks */,
				_LinkFileRef_Common /* libCommon.dylib in Frameworks */,
			);
			runOnlyForDeploymentPostprocessing = 0;
		};
		"___LinkPhase_Socket" /* Frameworks */ = {
			isa = PBXFrameworksBuildPhase;
			buildActionMask = 0;
			files = (
			);
			runOnlyForDeploymentPostprocessing = 0;
		};
		"___LinkPhase_SwiftyJSON" /* Frameworks */ = {
			isa = PBXFrameworksBuildPhase;
			buildActionMask = 0;
			files = (
			);
			runOnlyForDeploymentPostprocessing = 0;
		};
/* End PBXFrameworksBuildPhase section */

/* Begin PBXGroup section */
		Dependencies_ /* Dependencies */ = {
			isa = PBXGroup;
			children = (
				"_______Group_SwiftyJSON" /* SwiftyJSON */,
				"_______Group_Common" /* Common */,
				"_______Group_LoggerAPI" /* LoggerAPI */,
				"_______Group_KituraSys" /* KituraSys */,
				"_______Group_Socket" /* Socket */,
				"_______Group_CHttpParser" /* CHttpParser */,
				"_______Group_KituraNet" /* KituraNet */,
				"_______Group_KituraTemplateEngine" /* Kitura-TemplateEngine */,
				"_______Group_Kitura" /* Kitura */,
			);
			name = Dependencies;
			sourceTree = "<group>";
		};
		"___RootGroup_" = {
			isa = PBXGroup;
			children = (
				"_____Sources_" /* Sources */,
				Dependencies_ /* Dependencies */,
				"_______Tests_" /* Tests */,
				"____Products_" /* Products */,
			);
			sourceTree = "<group>";
		};
		"____Products_" /* Products */ = {
			isa = PBXGroup;
			children = (
				"_____Product_SwiftyJSON" /* libSwiftyJSON.dylib */,
				"_____Product_Common" /* libCommon.dylib */,
				"_____Product_LoggerAPI" /* libLoggerAPI.dylib */,
				"_____Product_KituraSys" /* libKituraSys.dylib */,
				"_____Product_Socket" /* libSocket.dylib */,
				"_____Product_CHttpParser" /* libCHttpParser.dylib */,
				"_____Product_KituraNet" /* libKituraNet.dylib */,
				"_____Product_KituraTemplateEngine" /* libKitura-TemplateEngine.dylib */,
				"_____Product_Kitura" /* libKitura.dylib */,
				"_____Product_Server" /* Server */,
			);
			name = Products;
			sourceTree = "<group>";
		};
		"_____Sources_" /* Sources */ = {
			isa = PBXGroup;
			children = (
				"_______Group_Server" /* Server */,
			);
			name = Sources;
			sourceTree = "<group>";
		};
		"_______Group_CHttpParser" /* CHttpParser */ = {
			isa = PBXGroup;
			children = (
				"__PBXFileRef_Packages/CHttpParser-0.1.1/Sources/CHttpParser/http_parser.c" /* http_parser.c */,
				"__PBXFileRef_Packages/CHttpParser-0.1.1/Sources/CHttpParser/utils.c" /* utils.c */,
			);
			name = CHttpParser;
			path = "Packages/CHttpParser-0.1.1/Sources/CHttpParser";
			sourceTree = "<group>";
		};
		"_______Group_Common" /* Common */ = {
			isa = PBXGroup;
			children = (
				"__PBXFileRef_Packages/Common-1.2.1/Sources/Encodable.swift" /* Encodable.swift */,
				"__PBXFileRef_Packages/Common-1.2.1/Sources/List.swift" /* List.swift */,
				"__PBXFileRef_Packages/Common-1.2.1/Sources/Todo.swift" /* Todo.swift */,
			);
			name = Common;
			path = "Packages/Common-1.2.1/Sources";
			sourceTree = "<group>";
		};
		"_______Group_Kitura" /* Kitura */ = {
			isa = PBXGroup;
			children = (
				"__PBXFileRef_Packages/Kitura-0.11.3/Sources/Kitura/Error.swift" /* Error.swift */,
				"__PBXFileRef_Packages/Kitura-0.11.3/Sources/Kitura/InternalError.swift" /* InternalError.swift */,
				"__PBXFileRef_Packages/Kitura-0.11.3/Sources/Kitura/Router.swift" /* Router.swift */,
				"__PBXFileRef_Packages/Kitura-0.11.3/Sources/Kitura/RouteRegex.swift" /* RouteRegex.swift */,
				"__PBXFileRef_Packages/Kitura-0.11.3/Sources/Kitura/RouterElement.swift" /* RouterElement.swift */,
				"__PBXFileRef_Packages/Kitura-0.11.3/Sources/Kitura/RouterHandler.swift" /* RouterHandler.swift */,
				"__PBXFileRef_Packages/Kitura-0.11.3/Sources/Kitura/RouterMethod.swift" /* RouterMethod.swift */,
				"__PBXFileRef_Packages/Kitura-0.11.3/Sources/Kitura/RouterMiddleware.swift" /* RouterMiddleware.swift */,
				"__PBXFileRef_Packages/Kitura-0.11.3/Sources/Kitura/RouterMiddlewareGenerator.swift" /* RouterMiddlewareGenerator.swift */,
				"__PBXFileRef_Packages/Kitura-0.11.3/Sources/Kitura/RouterRequest.swift" /* RouterRequest.swift */,
				"__PBXFileRef_Packages/Kitura-0.11.3/Sources/Kitura/RouterResponse.swift" /* RouterResponse.swift */,
				"__PBXFileRef_Packages/Kitura-0.11.3/Sources/Kitura/TemplatingError.swift" /* TemplatingError.swift */,
				"__PBXFileRef_Packages/Kitura-0.11.3/Sources/Kitura/bodyParser/BodyParser.swift" /* bodyParser/BodyParser.swift */,
				"__PBXFileRef_Packages/Kitura-0.11.3/Sources/Kitura/bodyParser/ParsedBody.swift" /* bodyParser/ParsedBody.swift */,
				"__PBXFileRef_Packages/Kitura-0.11.3/Sources/Kitura/contentType/ContentType.swift" /* contentType/ContentType.swift */,
				"__PBXFileRef_Packages/Kitura-0.11.3/Sources/Kitura/contentType/types.swift" /* contentType/types.swift */,
				"__PBXFileRef_Packages/Kitura-0.11.3/Sources/Kitura/staticFileServer/ResponseHeadersSetter.swift" /* staticFileServer/ResponseHeadersSetter.swift */,
				"__PBXFileRef_Packages/Kitura-0.11.3/Sources/Kitura/staticFileServer/StaticFileServer.swift" /* staticFileServer/StaticFileServer.swift */,
			);
			name = Kitura;
			path = "Packages/Kitura-0.11.3/Sources/Kitura";
			sourceTree = "<group>";
		};
		"_______Group_KituraNet" /* KituraNet */ = {
			isa = PBXGroup;
			children = (
				"__PBXFileRef_Packages/Kitura-net-0.11.6/Sources/KituraNet/BufferList.swift" /* BufferList.swift */,
				"__PBXFileRef_Packages/Kitura-net-0.11.6/Sources/KituraNet/ClientRequest.swift" /* ClientRequest.swift */,
				"__PBXFileRef_Packages/Kitura-net-0.11.6/Sources/KituraNet/ClientResponse.swift" /* ClientResponse.swift */,
				"__PBXFileRef_Packages/Kitura-net-0.11.6/Sources/KituraNet/Http.swift" /* Http.swift */,
				"__PBXFileRef_Packages/Kitura-net-0.11.6/Sources/KituraNet/HttpServer.swift" /* HttpServer.swift */,
				"__PBXFileRef_Packages/Kitura-net-0.11.6/Sources/KituraNet/HttpServerSpi.swift" /* HttpServerSpi.swift */,
				"__PBXFileRef_Packages/Kitura-net-0.11.6/Sources/KituraNet/IncomingMessage.swift" /* IncomingMessage.swift */,
				"__PBXFileRef_Packages/Kitura-net-0.11.6/Sources/KituraNet/ServerRequest.swift" /* ServerRequest.swift */,
				"__PBXFileRef_Packages/Kitura-net-0.11.6/Sources/KituraNet/ServerResponse.swift" /* ServerResponse.swift */,
				"__PBXFileRef_Packages/Kitura-net-0.11.6/Sources/KituraNet/SpiUtils.swift" /* SpiUtils.swift */,
				"__PBXFileRef_Packages/Kitura-net-0.11.6/Sources/KituraNet/HttpParser/HttpParser.swift" /* HttpParser/HttpParser.swift */,
				"__PBXFileRef_Packages/Kitura-net-0.11.6/Sources/KituraNet/HttpParser/UrlParser.swift" /* HttpParser/UrlParser.swift */,
			);
			name = KituraNet;
			path = "Packages/Kitura-net-0.11.6/Sources/KituraNet";
			sourceTree = "<group>";
		};
		"_______Group_KituraSys" /* KituraSys */ = {
			isa = PBXGroup;
			children = (
				"__PBXFileRef_Packages/Kitura-Sys-0.11.0/Sources/KituraSys/Queue.swift" /* Queue.swift */,
				"__PBXFileRef_Packages/Kitura-Sys-0.11.0/Sources/KituraSys/Server.swift" /* Server.swift */,
				"__PBXFileRef_Packages/Kitura-Sys-0.11.0/Sources/KituraSys/StringUtils.swift" /* StringUtils.swift */,
				"__PBXFileRef_Packages/Kitura-Sys-0.11.0/Sources/KituraSys/SysUtils.swift" /* SysUtils.swift */,
			);
			name = KituraSys;
			path = "Packages/Kitura-Sys-0.11.0/Sources/KituraSys";
			sourceTree = "<group>";
		};
		"_______Group_KituraTemplateEngine" /* Kitura-TemplateEngine */ = {
			isa = PBXGroup;
			children = (
				"__PBXFileRef_Packages/Kitura-TemplateEngine-0.9.0/Sources/TemplateEngine.swift" /* TemplateEngine.swift */,
			);
			name = "Kitura-TemplateEngine";
			path = "Packages/Kitura-TemplateEngine-0.9.0/Sources";
			sourceTree = "<group>";
		};
		"_______Group_LoggerAPI" /* LoggerAPI */ = {
			isa = PBXGroup;
			children = (
				"__PBXFileRef_Packages/LoggerAPI-0.5.1/Sources/LoggerAPI/Logger.swift" /* Logger.swift */,
			);
			name = LoggerAPI;
			path = "Packages/LoggerAPI-0.5.1/Sources/LoggerAPI";
			sourceTree = "<group>";
		};
		"_______Group_Server" /* Server */ = {
			isa = PBXGroup;
			children = (
				__PBXFileRef_Sources/main.swift /* main.swift */,
			);
			name = Server;
			path = Sources;
			sourceTree = "<group>";
		};
		"_______Group_Socket" /* Socket */ = {
			isa = PBXGroup;
			children = (
				"__PBXFileRef_Packages/Socket-0.5.1/Sources/Socket.swift" /* Socket.swift */,
				"__PBXFileRef_Packages/Socket-0.5.1/Sources/SocketProtocols.swift" /* SocketProtocols.swift */,
				"__PBXFileRef_Packages/Socket-0.5.1/Sources/SocketUtils.swift" /* SocketUtils.swift */,
			);
			name = Socket;
			path = "Packages/Socket-0.5.1/Sources";
			sourceTree = "<group>";
		};
		"_______Group_SwiftyJSON" /* SwiftyJSON */ = {
			isa = PBXGroup;
			children = (
				"__PBXFileRef_Packages/SwiftyJSON-6.1.0/Source/LclJSONSerialization.swift" /* LclJSONSerialization.swift */,
				"__PBXFileRef_Packages/SwiftyJSON-6.1.0/Source/NSExtension.swift" /* NSExtension.swift */,
				"__PBXFileRef_Packages/SwiftyJSON-6.1.0/Source/SwiftyJSON.swift" /* SwiftyJSON.swift */,
			);
			name = SwiftyJSON;
			path = "Packages/SwiftyJSON-6.1.0/Source";
			sourceTree = "<group>";
		};
		"_______Tests_" /* Tests */ = {
			isa = PBXGroup;
			children = (
			);
			name = Tests;
			sourceTree = "<group>";
		};
/* End PBXGroup section */

/* Begin PBXNativeTarget section */
		"______Target_CHttpParser" /* CHttpParser */ = {
			isa = PBXNativeTarget;
			buildConfigurationList = "_______Confs_CHttpParser" /* Build configuration list for PBXNativeTarget "CHttpParser" */;
			buildPhases = (
				CompilePhase_CHttpParser /* Sources */,
				"___LinkPhase_CHttpParser" /* Frameworks */,
			);
			buildRules = (
			);
			dependencies = (
			);
			name = CHttpParser;
			productName = CHttpParser;
			productReference = "_____Product_CHttpParser" /* libCHttpParser.dylib */;
			productType = "com.apple.product-type.library.dynamic";
		};
		"______Target_Common" /* Common */ = {
			isa = PBXNativeTarget;
			buildConfigurationList = "_______Confs_Common" /* Build configuration list for PBXNativeTarget "Common" */;
			buildPhases = (
				CompilePhase_Common /* Sources */,
				"___LinkPhase_Common" /* Frameworks */,
			);
			buildRules = (
			);
			dependencies = (
				__Dependency_SwiftyJSON /* PBXTargetDependency */,
			);
			name = Common;
			productName = Common;
			productReference = "_____Product_Common" /* libCommon.dylib */;
			productType = "com.apple.product-type.library.dynamic";
		};
		"______Target_Kitura" /* Kitura */ = {
			isa = PBXNativeTarget;
			buildConfigurationList = "_______Confs_Kitura" /* Build configuration list for PBXNativeTarget "Kitura" */;
			buildPhases = (
				CompilePhase_Kitura /* Sources */,
				"___LinkPhase_Kitura" /* Frameworks */,
			);
			buildRules = (
			);
			dependencies = (
				__Dependency_CHttpParser /* PBXTargetDependency */,
				__Dependency_Socket /* PBXTargetDependency */,
				__Dependency_KituraSys /* PBXTargetDependency */,
				__Dependency_KituraTemplateEngine /* PBXTargetDependency */,
				__Dependency_SwiftyJSON /* PBXTargetDependency */,
				__Dependency_LoggerAPI /* PBXTargetDependency */,
				__Dependency_KituraNet /* PBXTargetDependency */,
			);
			name = Kitura;
			productName = Kitura;
			productReference = "_____Product_Kitura" /* libKitura.dylib */;
			productType = "com.apple.product-type.library.dynamic";
		};
		"______Target_KituraNet" /* KituraNet */ = {
			isa = PBXNativeTarget;
			buildConfigurationList = "_______Confs_KituraNet" /* Build configuration list for PBXNativeTarget "KituraNet" */;
			buildPhases = (
				CompilePhase_KituraNet /* Sources */,
				"___LinkPhase_KituraNet" /* Frameworks */,
			);
			buildRules = (
			);
			dependencies = (
				__Dependency_CHttpParser /* PBXTargetDependency */,
				__Dependency_LoggerAPI /* PBXTargetDependency */,
				__Dependency_Socket /* PBXTargetDependency */,
				__Dependency_KituraSys /* PBXTargetDependency */,
			);
			name = KituraNet;
			productName = KituraNet;
			productReference = "_____Product_KituraNet" /* libKituraNet.dylib */;
			productType = "com.apple.product-type.library.dynamic";
		};
		"______Target_KituraSys" /* KituraSys */ = {
			isa = PBXNativeTarget;
			buildConfigurationList = "_______Confs_KituraSys" /* Build configuration list for PBXNativeTarget "KituraSys" */;
			buildPhases = (
				CompilePhase_KituraSys /* Sources */,
				"___LinkPhase_KituraSys" /* Frameworks */,
			);
			buildRules = (
			);
			dependencies = (
				__Dependency_LoggerAPI /* PBXTargetDependency */,
			);
			name = KituraSys;
			productName = KituraSys;
			productReference = "_____Product_KituraSys" /* libKituraSys.dylib */;
			productType = "com.apple.product-type.library.dynamic";
		};
		"______Target_KituraTemplateEngine" /* Kitura-TemplateEngine */ = {
			isa = PBXNativeTarget;
			buildConfigurationList = "_______Confs_KituraTemplateEngine" /* Build configuration list for PBXNativeTarget "Kitura-TemplateEngine" */;
			buildPhases = (
				CompilePhase_KituraTemplateEngine /* Sources */,
				"___LinkPhase_KituraTemplateEngine" /* Frameworks */,
			);
			buildRules = (
			);
			dependencies = (
			);
			name = "Kitura-TemplateEngine";
			productName = KituraTemplateEngine;
			productReference = "_____Product_KituraTemplateEngine" /* libKitura-TemplateEngine.dylib */;
			productType = "com.apple.product-type.library.dynamic";
		};
		"______Target_LoggerAPI" /* LoggerAPI */ = {
			isa = PBXNativeTarget;
			buildConfigurationList = "_______Confs_LoggerAPI" /* Build configuration list for PBXNativeTarget "LoggerAPI" */;
			buildPhases = (
				CompilePhase_LoggerAPI /* Sources */,
				"___LinkPhase_LoggerAPI" /* Frameworks */,
			);
			buildRules = (
			);
			dependencies = (
			);
			name = LoggerAPI;
			productName = LoggerAPI;
			productReference = "_____Product_LoggerAPI" /* libLoggerAPI.dylib */;
			productType = "com.apple.product-type.library.dynamic";
		};
		"______Target_Server" /* Server */ = {
			isa = PBXNativeTarget;
			buildConfigurationList = "_______Confs_Server" /* Build configuration list for PBXNativeTarget "Server" */;
			buildPhases = (
				CompilePhase_Server /* Sources */,
				"___LinkPhase_Server" /* Frameworks */,
			);
			buildRules = (
			);
			dependencies = (
				__Dependency_CHttpParser /* PBXTargetDependency */,
				__Dependency_Socket /* PBXTargetDependency */,
				__Dependency_KituraSys /* PBXTargetDependency */,
				__Dependency_KituraTemplateEngine /* PBXTargetDependency */,
				__Dependency_LoggerAPI /* PBXTargetDependency */,
				__Dependency_KituraNet /* PBXTargetDependency */,
				__Dependency_SwiftyJSON /* PBXTargetDependency */,
				__Dependency_Kitura /* PBXTargetDependency */,
				__Dependency_Common /* PBXTargetDependency */,
			);
			name = Server;
			productName = Server;
			productReference = "_____Product_Server" /* Server */;
			productType = "com.apple.product-type.tool";
		};
		"______Target_Socket" /* Socket */ = {
			isa = PBXNativeTarget;
			buildConfigurationList = "_______Confs_Socket" /* Build configuration list for PBXNativeTarget "Socket" */;
			buildPhases = (
				CompilePhase_Socket /* Sources */,
				"___LinkPhase_Socket" /* Frameworks */,
			);
			buildRules = (
			);
			dependencies = (
			);
			name = Socket;
			productName = Socket;
			productReference = "_____Product_Socket" /* libSocket.dylib */;
			productType = "com.apple.product-type.library.dynamic";
		};
		"______Target_SwiftyJSON" /* SwiftyJSON */ = {
			isa = PBXNativeTarget;
			buildConfigurationList = "_______Confs_SwiftyJSON" /* Build configuration list for PBXNativeTarget "SwiftyJSON" */;
			buildPhases = (
				CompilePhase_SwiftyJSON /* Sources */,
				"___LinkPhase_SwiftyJSON" /* Frameworks */,
			);
			buildRules = (
			);
			dependencies = (
			);
			name = SwiftyJSON;
			productName = SwiftyJSON;
			productReference = "_____Product_SwiftyJSON" /* libSwiftyJSON.dylib */;
			productType = "com.apple.product-type.library.dynamic";
		};
/* End PBXNativeTarget section */

/* Begin PBXProject section */
		__RootObject_ /* Project object */ = {
			isa = PBXProject;
			attributes = {
				LastUpgradeCheck = 9999;
			};
			buildConfigurationList = "___RootConfs_" /* Build configuration list for PBXProject "Server" */;
			compatibilityVersion = "Xcode 3.2";
			developmentRegion = English;
			hasScannedForEncodings = 0;
			knownRegions = (
				en,
			);
			mainGroup = "___RootGroup_";
			productRefGroup = "____Products_" /* Products */;
			projectDirPath = "";
			projectRoot = "";
			targets = (
				"______Target_SwiftyJSON" /* SwiftyJSON */,
				"______Target_Common" /* Common */,
				"______Target_LoggerAPI" /* LoggerAPI */,
				"______Target_KituraSys" /* KituraSys */,
				"______Target_Socket" /* Socket */,
				"______Target_CHttpParser" /* CHttpParser */,
				"______Target_KituraNet" /* KituraNet */,
				"______Target_KituraTemplateEngine" /* Kitura-TemplateEngine */,
				"______Target_Kitura" /* Kitura */,
				"______Target_Server" /* Server */,
			);
		};
/* End PBXProject section */

/* Begin PBXSourcesBuildPhase section */
		CompilePhase_CHttpParser /* Sources */ = {
			isa = PBXSourcesBuildPhase;
			buildActionMask = 0;
			files = (
				"__src_cc_ref_Packages/CHttpParser-0.1.1/Sources/CHttpParser/http_parser.c" /* http_parser.c in Sources */,
				"__src_cc_ref_Packages/CHttpParser-0.1.1/Sources/CHttpParser/utils.c" /* utils.c in Sources */,
			);
			runOnlyForDeploymentPostprocessing = 0;
		};
		CompilePhase_Common /* Sources */ = {
			isa = PBXSourcesBuildPhase;
			buildActionMask = 0;
			files = (
				"__src_cc_ref_Packages/Common-1.2.1/Sources/Encodable.swift" /* Encodable.swift in Sources */,
				"__src_cc_ref_Packages/Common-1.2.1/Sources/List.swift" /* List.swift in Sources */,
				"__src_cc_ref_Packages/Common-1.2.1/Sources/Todo.swift" /* Todo.swift in Sources */,
			);
			runOnlyForDeploymentPostprocessing = 0;
		};
		CompilePhase_Kitura /* Sources */ = {
			isa = PBXSourcesBuildPhase;
			buildActionMask = 0;
			files = (
				"__src_cc_ref_Packages/Kitura-0.11.3/Sources/Kitura/Error.swift" /* Error.swift in Sources */,
				"__src_cc_ref_Packages/Kitura-0.11.3/Sources/Kitura/InternalError.swift" /* InternalError.swift in Sources */,
				"__src_cc_ref_Packages/Kitura-0.11.3/Sources/Kitura/Router.swift" /* Router.swift in Sources */,
				"__src_cc_ref_Packages/Kitura-0.11.3/Sources/Kitura/RouteRegex.swift" /* RouteRegex.swift in Sources */,
				"__src_cc_ref_Packages/Kitura-0.11.3/Sources/Kitura/RouterElement.swift" /* RouterElement.swift in Sources */,
				"__src_cc_ref_Packages/Kitura-0.11.3/Sources/Kitura/RouterHandler.swift" /* RouterHandler.swift in Sources */,
				"__src_cc_ref_Packages/Kitura-0.11.3/Sources/Kitura/RouterMethod.swift" /* RouterMethod.swift in Sources */,
				"__src_cc_ref_Packages/Kitura-0.11.3/Sources/Kitura/RouterMiddleware.swift" /* RouterMiddleware.swift in Sources */,
				"__src_cc_ref_Packages/Kitura-0.11.3/Sources/Kitura/RouterMiddlewareGenerator.swift" /* RouterMiddlewareGenerator.swift in Sources */,
				"__src_cc_ref_Packages/Kitura-0.11.3/Sources/Kitura/RouterRequest.swift" /* RouterRequest.swift in Sources */,
				"__src_cc_ref_Packages/Kitura-0.11.3/Sources/Kitura/RouterResponse.swift" /* RouterResponse.swift in Sources */,
				"__src_cc_ref_Packages/Kitura-0.11.3/Sources/Kitura/TemplatingError.swift" /* TemplatingError.swift in Sources */,
				"__src_cc_ref_Packages/Kitura-0.11.3/Sources/Kitura/bodyParser/BodyParser.swift" /* bodyParser/BodyParser.swift in Sources */,
				"__src_cc_ref_Packages/Kitura-0.11.3/Sources/Kitura/bodyParser/ParsedBody.swift" /* bodyParser/ParsedBody.swift in Sources */,
				"__src_cc_ref_Packages/Kitura-0.11.3/Sources/Kitura/contentType/ContentType.swift" /* contentType/ContentType.swift in Sources */,
				"__src_cc_ref_Packages/Kitura-0.11.3/Sources/Kitura/contentType/types.swift" /* contentType/types.swift in Sources */,
				"__src_cc_ref_Packages/Kitura-0.11.3/Sources/Kitura/staticFileServer/ResponseHeadersSetter.swift" /* staticFileServer/ResponseHeadersSetter.swift in Sources */,
				"__src_cc_ref_Packages/Kitura-0.11.3/Sources/Kitura/staticFileServer/StaticFileServer.swift" /* staticFileServer/StaticFileServer.swift in Sources */,
			);
			runOnlyForDeploymentPostprocessing = 0;
		};
		CompilePhase_KituraNet /* Sources */ = {
			isa = PBXSourcesBuildPhase;
			buildActionMask = 0;
			files = (
				"__src_cc_ref_Packages/Kitura-net-0.11.6/Sources/KituraNet/BufferList.swift" /* BufferList.swift in Sources */,
				"__src_cc_ref_Packages/Kitura-net-0.11.6/Sources/KituraNet/ClientRequest.swift" /* ClientRequest.swift in Sources */,
				"__src_cc_ref_Packages/Kitura-net-0.11.6/Sources/KituraNet/ClientResponse.swift" /* ClientResponse.swift in Sources */,
				"__src_cc_ref_Packages/Kitura-net-0.11.6/Sources/KituraNet/Http.swift" /* Http.swift in Sources */,
				"__src_cc_ref_Packages/Kitura-net-0.11.6/Sources/KituraNet/HttpServer.swift" /* HttpServer.swift in Sources */,
				"__src_cc_ref_Packages/Kitura-net-0.11.6/Sources/KituraNet/HttpServerSpi.swift" /* HttpServerSpi.swift in Sources */,
				"__src_cc_ref_Packages/Kitura-net-0.11.6/Sources/KituraNet/IncomingMessage.swift" /* IncomingMessage.swift in Sources */,
				"__src_cc_ref_Packages/Kitura-net-0.11.6/Sources/KituraNet/ServerRequest.swift" /* ServerRequest.swift in Sources */,
				"__src_cc_ref_Packages/Kitura-net-0.11.6/Sources/KituraNet/ServerResponse.swift" /* ServerResponse.swift in Sources */,
				"__src_cc_ref_Packages/Kitura-net-0.11.6/Sources/KituraNet/SpiUtils.swift" /* SpiUtils.swift in Sources */,
				"__src_cc_ref_Packages/Kitura-net-0.11.6/Sources/KituraNet/HttpParser/HttpParser.swift" /* HttpParser/HttpParser.swift in Sources */,
				"__src_cc_ref_Packages/Kitura-net-0.11.6/Sources/KituraNet/HttpParser/UrlParser.swift" /* HttpParser/UrlParser.swift in Sources */,
			);
			runOnlyForDeploymentPostprocessing = 0;
		};
		CompilePhase_KituraSys /* Sources */ = {
			isa = PBXSourcesBuildPhase;
			buildActionMask = 0;
			files = (
				"__src_cc_ref_Packages/Kitura-Sys-0.11.0/Sources/KituraSys/Queue.swift" /* Queue.swift in Sources */,
				"__src_cc_ref_Packages/Kitura-Sys-0.11.0/Sources/KituraSys/Server.swift" /* Server.swift in Sources */,
				"__src_cc_ref_Packages/Kitura-Sys-0.11.0/Sources/KituraSys/StringUtils.swift" /* StringUtils.swift in Sources */,
				"__src_cc_ref_Packages/Kitura-Sys-0.11.0/Sources/KituraSys/SysUtils.swift" /* SysUtils.swift in Sources */,
			);
			runOnlyForDeploymentPostprocessing = 0;
		};
		CompilePhase_KituraTemplateEngine /* Sources */ = {
			isa = PBXSourcesBuildPhase;
			buildActionMask = 0;
			files = (
				"__src_cc_ref_Packages/Kitura-TemplateEngine-0.9.0/Sources/TemplateEngine.swift" /* TemplateEngine.swift in Sources */,
			);
			runOnlyForDeploymentPostprocessing = 0;
		};
		CompilePhase_LoggerAPI /* Sources */ = {
			isa = PBXSourcesBuildPhase;
			buildActionMask = 0;
			files = (
				"__src_cc_ref_Packages/LoggerAPI-0.5.1/Sources/LoggerAPI/Logger.swift" /* Logger.swift in Sources */,
			);
			runOnlyForDeploymentPostprocessing = 0;
		};
		CompilePhase_Server /* Sources */ = {
			isa = PBXSourcesBuildPhase;
			buildActionMask = 0;
			files = (
				__src_cc_ref_Sources/main.swift /* main.swift in Sources */,
			);
			runOnlyForDeploymentPostprocessing = 0;
		};
		CompilePhase_Socket /* Sources */ = {
			isa = PBXSourcesBuildPhase;
			buildActionMask = 0;
			files = (
				"__src_cc_ref_Packages/Socket-0.5.1/Sources/Socket.swift" /* Socket.swift in Sources */,
				"__src_cc_ref_Packages/Socket-0.5.1/Sources/SocketProtocols.swift" /* SocketProtocols.swift in Sources */,
				"__src_cc_ref_Packages/Socket-0.5.1/Sources/SocketUtils.swift" /* SocketUtils.swift in Sources */,
			);
			runOnlyForDeploymentPostprocessing = 0;
		};
		CompilePhase_SwiftyJSON /* Sources */ = {
			isa = PBXSourcesBuildPhase;
			buildActionMask = 0;
			files = (
				"__src_cc_ref_Packages/SwiftyJSON-6.1.0/Source/LclJSONSerialization.swift" /* LclJSONSerialization.swift in Sources */,
				"__src_cc_ref_Packages/SwiftyJSON-6.1.0/Source/NSExtension.swift" /* NSExtension.swift in Sources */,
				"__src_cc_ref_Packages/SwiftyJSON-6.1.0/Source/SwiftyJSON.swift" /* SwiftyJSON.swift in Sources */,
			);
			runOnlyForDeploymentPostprocessing = 0;
		};
/* End PBXSourcesBuildPhase section */

/* Begin PBXTargetDependency section */
		__Dependency_CHttpParser /* PBXTargetDependency */ = {
			isa = PBXTargetDependency;
			target = "______Target_CHttpParser" /* CHttpParser */;
			targetProxy = C239D1B81CD974F800041011 /* PBXContainerItemProxy */;
		};
		__Dependency_Common /* PBXTargetDependency */ = {
			isa = PBXTargetDependency;
			target = "______Target_Common" /* Common */;
			targetProxy = C239D1BE1CD974F800041011 /* PBXContainerItemProxy */;
		};
		__Dependency_Kitura /* PBXTargetDependency */ = {
			isa = PBXTargetDependency;
			target = "______Target_Kitura" /* Kitura */;
			targetProxy = C239D1BD1CD974F800041011 /* PBXContainerItemProxy */;
		};
		__Dependency_KituraNet /* PBXTargetDependency */ = {
			isa = PBXTargetDependency;
			target = "______Target_KituraNet" /* KituraNet */;
			targetProxy = C239D1BC1CD974F800041011 /* PBXContainerItemProxy */;
		};
		__Dependency_KituraSys /* PBXTargetDependency */ = {
			isa = PBXTargetDependency;
			target = "______Target_KituraSys" /* KituraSys */;
			targetProxy = C239D1BA1CD974F800041011 /* PBXContainerItemProxy */;
		};
		__Dependency_KituraTemplateEngine /* PBXTargetDependency */ = {
			isa = PBXTargetDependency;
			target = "______Target_KituraTemplateEngine" /* Kitura-TemplateEngine */;
			targetProxy = C239D1BB1CD974F800041011 /* PBXContainerItemProxy */;
		};
		__Dependency_LoggerAPI /* PBXTargetDependency */ = {
			isa = PBXTargetDependency;
			target = "______Target_LoggerAPI" /* LoggerAPI */;
			targetProxy = C239D1B71CD974F800041011 /* PBXContainerItemProxy */;
		};
		__Dependency_Socket /* PBXTargetDependency */ = {
			isa = PBXTargetDependency;
			target = "______Target_Socket" /* Socket */;
			targetProxy = C239D1B91CD974F800041011 /* PBXContainerItemProxy */;
		};
		__Dependency_SwiftyJSON /* PBXTargetDependency */ = {
			isa = PBXTargetDependency;
			target = "______Target_SwiftyJSON" /* SwiftyJSON */;
			targetProxy = C239D1B61CD974F800041011 /* PBXContainerItemProxy */;
		};
/* End PBXTargetDependency section */

/* Begin XCBuildConfiguration section */
		_ReleaseConf_CHttpParser /* Release */ = {
			isa = XCBuildConfiguration;
			buildSettings = {
				COMBINE_HIDPI_IMAGES = YES;
				DYLIB_INSTALL_NAME_BASE = "$(CONFIGURATION_BUILD_DIR)";
				ENABLE_TESTABILITY = YES;
				LD_RUNPATH_SEARCH_PATHS = "$(TOOLCHAIN_DIR)/usr/lib/swift/macosx";
				MACOSX_DEPLOYMENT_TARGET = 10.10;
				OTHER_CFLAGS = "";
				OTHER_LDFLAGS = "";
				OTHER_SWIFT_FLAGS = "-DXcode";
				PRODUCT_MODULE_NAME = CHttpParser;
				PRODUCT_NAME = "lib$(TARGET_NAME)";
			};
			name = Release;
		};
		_ReleaseConf_Common /* Release */ = {
			isa = XCBuildConfiguration;
			buildSettings = {
				COMBINE_HIDPI_IMAGES = YES;
				DYLIB_INSTALL_NAME_BASE = "$(CONFIGURATION_BUILD_DIR)";
				ENABLE_TESTABILITY = YES;
				LD_RUNPATH_SEARCH_PATHS = "$(TOOLCHAIN_DIR)/usr/lib/swift/macosx";
				MACOSX_DEPLOYMENT_TARGET = 10.10;
				OTHER_CFLAGS = "";
				OTHER_LDFLAGS = "";
				OTHER_SWIFT_FLAGS = "-DXcode";
				PRODUCT_MODULE_NAME = Common;
				PRODUCT_NAME = "lib$(TARGET_NAME)";
			};
			name = Release;
		};
		_ReleaseConf_Kitura /* Release */ = {
			isa = XCBuildConfiguration;
			buildSettings = {
				COMBINE_HIDPI_IMAGES = YES;
				DYLIB_INSTALL_NAME_BASE = "$(CONFIGURATION_BUILD_DIR)";
				ENABLE_TESTABILITY = YES;
				HEADER_SEARCH_PATHS = (
					"/Users/hainguyen/Documents/X-code/SwiftLA/Backend/Packages/CHttpParser-0.1.1/Sources/CHttpParser/include",
					"/Users/hainguyen/Documents/X-code/SwiftLA/Backend/Packages/CCurl-0.1.1",
				);
				LD_RUNPATH_SEARCH_PATHS = "$(TOOLCHAIN_DIR)/usr/lib/swift/macosx";
				MACOSX_DEPLOYMENT_TARGET = 10.10;
				OTHER_CFLAGS = "";
				OTHER_LDFLAGS = "";
				OTHER_SWIFT_FLAGS = "-DXcode";
				PRODUCT_MODULE_NAME = Kitura;
				PRODUCT_NAME = "lib$(TARGET_NAME)";
			};
			name = Release;
		};
		_ReleaseConf_KituraNet /* Release */ = {
			isa = XCBuildConfiguration;
			buildSettings = {
				COMBINE_HIDPI_IMAGES = YES;
				DYLIB_INSTALL_NAME_BASE = "$(CONFIGURATION_BUILD_DIR)";
				ENABLE_TESTABILITY = YES;
				HEADER_SEARCH_PATHS = (
					"/Users/hainguyen/Documents/X-code/SwiftLA/Backend/Packages/CHttpParser-0.1.1/Sources/CHttpParser/include",
					"/Users/hainguyen/Documents/X-code/SwiftLA/Backend/Packages/CCurl-0.1.1",
				);
				LD_RUNPATH_SEARCH_PATHS = "$(TOOLCHAIN_DIR)/usr/lib/swift/macosx";
				MACOSX_DEPLOYMENT_TARGET = 10.10;
				OTHER_CFLAGS = "";
				OTHER_LDFLAGS = "";
				OTHER_SWIFT_FLAGS = "-DXcode";
				PRODUCT_MODULE_NAME = KituraNet;
				PRODUCT_NAME = "lib$(TARGET_NAME)";
			};
			name = Release;
		};
		_ReleaseConf_KituraSys /* Release */ = {
			isa = XCBuildConfiguration;
			buildSettings = {
				COMBINE_HIDPI_IMAGES = YES;
				DYLIB_INSTALL_NAME_BASE = "$(CONFIGURATION_BUILD_DIR)";
				ENABLE_TESTABILITY = YES;
				LD_RUNPATH_SEARCH_PATHS = "$(TOOLCHAIN_DIR)/usr/lib/swift/macosx";
				MACOSX_DEPLOYMENT_TARGET = 10.10;
				OTHER_CFLAGS = "";
				OTHER_LDFLAGS = "";
				OTHER_SWIFT_FLAGS = "-DXcode";
				PRODUCT_MODULE_NAME = KituraSys;
				PRODUCT_NAME = "lib$(TARGET_NAME)";
			};
			name = Release;
		};
		_ReleaseConf_KituraTemplateEngine /* Release */ = {
			isa = XCBuildConfiguration;
			buildSettings = {
				COMBINE_HIDPI_IMAGES = YES;
				DYLIB_INSTALL_NAME_BASE = "$(CONFIGURATION_BUILD_DIR)";
				ENABLE_TESTABILITY = YES;
				LD_RUNPATH_SEARCH_PATHS = "$(TOOLCHAIN_DIR)/usr/lib/swift/macosx";
				MACOSX_DEPLOYMENT_TARGET = 10.10;
				OTHER_CFLAGS = "";
				OTHER_LDFLAGS = "";
				OTHER_SWIFT_FLAGS = "-DXcode";
				PRODUCT_MODULE_NAME = KituraTemplateEngine;
				PRODUCT_NAME = "lib$(TARGET_NAME)";
			};
			name = Release;
		};
		_ReleaseConf_LoggerAPI /* Release */ = {
			isa = XCBuildConfiguration;
			buildSettings = {
				COMBINE_HIDPI_IMAGES = YES;
				DYLIB_INSTALL_NAME_BASE = "$(CONFIGURATION_BUILD_DIR)";
				ENABLE_TESTABILITY = YES;
				LD_RUNPATH_SEARCH_PATHS = "$(TOOLCHAIN_DIR)/usr/lib/swift/macosx";
				MACOSX_DEPLOYMENT_TARGET = 10.10;
				OTHER_CFLAGS = "";
				OTHER_LDFLAGS = "";
				OTHER_SWIFT_FLAGS = "-DXcode";
				PRODUCT_MODULE_NAME = LoggerAPI;
				PRODUCT_NAME = "lib$(TARGET_NAME)";
			};
			name = Release;
		};
		_ReleaseConf_Server /* Release */ = {
			isa = XCBuildConfiguration;
			buildSettings = {
				COMBINE_HIDPI_IMAGES = YES;
				HEADER_SEARCH_PATHS = (
					"/Users/hainguyen/Documents/X-code/SwiftLA/Backend/Packages/CHttpParser-0.1.1/Sources/CHttpParser/include",
					"/Users/hainguyen/Documents/X-code/SwiftLA/Backend/Packages/CCurl-0.1.1",
				);
				LD_RUNPATH_SEARCH_PATHS = "$(TOOLCHAIN_DIR)/usr/lib/swift/macosx";
				MACOSX_DEPLOYMENT_TARGET = 10.10;
				OTHER_CFLAGS = "";
				OTHER_LDFLAGS = "";
				OTHER_SWIFT_FLAGS = "-DXcode";
				PRODUCT_MODULE_NAME = Server;
				PRODUCT_NAME = "$(TARGET_NAME)";
				SWIFT_FORCE_DYNAMIC_LINK_STDLIB = YES;
				SWIFT_FORCE_STATIC_LINK_STDLIB = NO;
			};
			name = Release;
		};
		_ReleaseConf_Socket /* Release */ = {
			isa = XCBuildConfiguration;
			buildSettings = {
				COMBINE_HIDPI_IMAGES = YES;
				DYLIB_INSTALL_NAME_BASE = "$(CONFIGURATION_BUILD_DIR)";
				ENABLE_TESTABILITY = YES;
				LD_RUNPATH_SEARCH_PATHS = "$(TOOLCHAIN_DIR)/usr/lib/swift/macosx";
				MACOSX_DEPLOYMENT_TARGET = 10.10;
				OTHER_CFLAGS = "";
				OTHER_LDFLAGS = "";
				OTHER_SWIFT_FLAGS = "-DXcode";
				PRODUCT_MODULE_NAME = Socket;
				PRODUCT_NAME = "lib$(TARGET_NAME)";
			};
			name = Release;
		};
		_ReleaseConf_SwiftyJSON /* Release */ = {
			isa = XCBuildConfiguration;
			buildSettings = {
				COMBINE_HIDPI_IMAGES = YES;
				DYLIB_INSTALL_NAME_BASE = "$(CONFIGURATION_BUILD_DIR)";
				ENABLE_TESTABILITY = YES;
				LD_RUNPATH_SEARCH_PATHS = "$(TOOLCHAIN_DIR)/usr/lib/swift/macosx";
				MACOSX_DEPLOYMENT_TARGET = 10.10;
				OTHER_CFLAGS = "";
				OTHER_LDFLAGS = "";
				OTHER_SWIFT_FLAGS = "-DXcode";
				PRODUCT_MODULE_NAME = SwiftyJSON;
				PRODUCT_NAME = "lib$(TARGET_NAME)";
			};
			name = Release;
		};
		"___DebugConf_CHttpParser" /* Debug */ = {
			isa = XCBuildConfiguration;
			buildSettings = {
				COMBINE_HIDPI_IMAGES = YES;
				DYLIB_INSTALL_NAME_BASE = "$(CONFIGURATION_BUILD_DIR)";
				ENABLE_TESTABILITY = YES;
				LD_RUNPATH_SEARCH_PATHS = "$(TOOLCHAIN_DIR)/usr/lib/swift/macosx";
				MACOSX_DEPLOYMENT_TARGET = 10.10;
				OTHER_CFLAGS = "";
				OTHER_LDFLAGS = "";
				OTHER_SWIFT_FLAGS = "-DXcode";
				PRODUCT_MODULE_NAME = CHttpParser;
				PRODUCT_NAME = "lib$(TARGET_NAME)";
				SWIFT_OPTIMIZATION_LEVEL = "-Onone";
			};
			name = Debug;
		};
		"___DebugConf_Common" /* Debug */ = {
			isa = XCBuildConfiguration;
			buildSettings = {
				COMBINE_HIDPI_IMAGES = YES;
				DYLIB_INSTALL_NAME_BASE = "$(CONFIGURATION_BUILD_DIR)";
				ENABLE_TESTABILITY = YES;
				LD_RUNPATH_SEARCH_PATHS = "$(TOOLCHAIN_DIR)/usr/lib/swift/macosx";
				MACOSX_DEPLOYMENT_TARGET = 10.10;
				OTHER_CFLAGS = "";
				OTHER_LDFLAGS = "";
				OTHER_SWIFT_FLAGS = "-DXcode";
				PRODUCT_MODULE_NAME = Common;
				PRODUCT_NAME = "lib$(TARGET_NAME)";
				SWIFT_OPTIMIZATION_LEVEL = "-Onone";
			};
			name = Debug;
		};
		"___DebugConf_Kitura" /* Debug */ = {
			isa = XCBuildConfiguration;
			buildSettings = {
				COMBINE_HIDPI_IMAGES = YES;
				DYLIB_INSTALL_NAME_BASE = "$(CONFIGURATION_BUILD_DIR)";
				ENABLE_TESTABILITY = YES;
				HEADER_SEARCH_PATHS = (
					"/Users/hainguyen/Documents/X-code/SwiftLA/Backend/Packages/CHttpParser-0.1.1/Sources/CHttpParser/include",
					"/Users/hainguyen/Documents/X-code/SwiftLA/Backend/Packages/CCurl-0.1.1",
				);
				LD_RUNPATH_SEARCH_PATHS = "$(TOOLCHAIN_DIR)/usr/lib/swift/macosx";
				MACOSX_DEPLOYMENT_TARGET = 10.10;
				OTHER_CFLAGS = "";
				OTHER_LDFLAGS = "";
				OTHER_SWIFT_FLAGS = "-DXcode";
				PRODUCT_MODULE_NAME = Kitura;
				PRODUCT_NAME = "lib$(TARGET_NAME)";
				SWIFT_OPTIMIZATION_LEVEL = "-Onone";
			};
			name = Debug;
		};
		"___DebugConf_KituraNet" /* Debug */ = {
			isa = XCBuildConfiguration;
			buildSettings = {
				COMBINE_HIDPI_IMAGES = YES;
				DYLIB_INSTALL_NAME_BASE = "$(CONFIGURATION_BUILD_DIR)";
				ENABLE_TESTABILITY = YES;
				HEADER_SEARCH_PATHS = (
					"/Users/hainguyen/Documents/X-code/SwiftLA/Backend/Packages/CHttpParser-0.1.1/Sources/CHttpParser/include",
					"/Users/hainguyen/Documents/X-code/SwiftLA/Backend/Packages/CCurl-0.1.1",
				);
				LD_RUNPATH_SEARCH_PATHS = "$(TOOLCHAIN_DIR)/usr/lib/swift/macosx";
				MACOSX_DEPLOYMENT_TARGET = 10.10;
				OTHER_CFLAGS = "";
				OTHER_LDFLAGS = "";
				OTHER_SWIFT_FLAGS = "-DXcode";
				PRODUCT_MODULE_NAME = KituraNet;
				PRODUCT_NAME = "lib$(TARGET_NAME)";
				SWIFT_OPTIMIZATION_LEVEL = "-Onone";
			};
			name = Debug;
		};
		"___DebugConf_KituraSys" /* Debug */ = {
			isa = XCBuildConfiguration;
			buildSettings = {
				COMBINE_HIDPI_IMAGES = YES;
				DYLIB_INSTALL_NAME_BASE = "$(CONFIGURATION_BUILD_DIR)";
				ENABLE_TESTABILITY = YES;
				LD_RUNPATH_SEARCH_PATHS = "$(TOOLCHAIN_DIR)/usr/lib/swift/macosx";
				MACOSX_DEPLOYMENT_TARGET = 10.10;
				OTHER_CFLAGS = "";
				OTHER_LDFLAGS = "";
				OTHER_SWIFT_FLAGS = "-DXcode";
				PRODUCT_MODULE_NAME = KituraSys;
				PRODUCT_NAME = "lib$(TARGET_NAME)";
				SWIFT_OPTIMIZATION_LEVEL = "-Onone";
			};
			name = Debug;
		};
		"___DebugConf_KituraTemplateEngine" /* Debug */ = {
			isa = XCBuildConfiguration;
			buildSettings = {
				COMBINE_HIDPI_IMAGES = YES;
				DYLIB_INSTALL_NAME_BASE = "$(CONFIGURATION_BUILD_DIR)";
				ENABLE_TESTABILITY = YES;
				LD_RUNPATH_SEARCH_PATHS = "$(TOOLCHAIN_DIR)/usr/lib/swift/macosx";
				MACOSX_DEPLOYMENT_TARGET = 10.10;
				OTHER_CFLAGS = "";
				OTHER_LDFLAGS = "";
				OTHER_SWIFT_FLAGS = "-DXcode";
				PRODUCT_MODULE_NAME = KituraTemplateEngine;
				PRODUCT_NAME = "lib$(TARGET_NAME)";
				SWIFT_OPTIMIZATION_LEVEL = "-Onone";
			};
			name = Debug;
		};
		"___DebugConf_LoggerAPI" /* Debug */ = {
			isa = XCBuildConfiguration;
			buildSettings = {
				COMBINE_HIDPI_IMAGES = YES;
				DYLIB_INSTALL_NAME_BASE = "$(CONFIGURATION_BUILD_DIR)";
				ENABLE_TESTABILITY = YES;
				LD_RUNPATH_SEARCH_PATHS = "$(TOOLCHAIN_DIR)/usr/lib/swift/macosx";
				MACOSX_DEPLOYMENT_TARGET = 10.10;
				OTHER_CFLAGS = "";
				OTHER_LDFLAGS = "";
				OTHER_SWIFT_FLAGS = "-DXcode";
				PRODUCT_MODULE_NAME = LoggerAPI;
				PRODUCT_NAME = "lib$(TARGET_NAME)";
				SWIFT_OPTIMIZATION_LEVEL = "-Onone";
			};
			name = Debug;
		};
		"___DebugConf_Server" /* Debug */ = {
			isa = XCBuildConfiguration;
			buildSettings = {
				COMBINE_HIDPI_IMAGES = YES;
				HEADER_SEARCH_PATHS = (
					"/Users/hainguyen/Documents/X-code/SwiftLA/Backend/Packages/CHttpParser-0.1.1/Sources/CHttpParser/include",
					"/Users/hainguyen/Documents/X-code/SwiftLA/Backend/Packages/CCurl-0.1.1",
				);
				LD_RUNPATH_SEARCH_PATHS = "$(TOOLCHAIN_DIR)/usr/lib/swift/macosx";
				MACOSX_DEPLOYMENT_TARGET = 10.10;
				OTHER_CFLAGS = "";
				OTHER_LDFLAGS = "";
				OTHER_SWIFT_FLAGS = "-DXcode";
				PRODUCT_MODULE_NAME = Server;
				PRODUCT_NAME = "$(TARGET_NAME)";
				SWIFT_FORCE_DYNAMIC_LINK_STDLIB = YES;
				SWIFT_FORCE_STATIC_LINK_STDLIB = NO;
				SWIFT_OPTIMIZATION_LEVEL = "-Onone";
			};
			name = Debug;
		};
		"___DebugConf_Socket" /* Debug */ = {
			isa = XCBuildConfiguration;
			buildSettings = {
				COMBINE_HIDPI_IMAGES = YES;
				DYLIB_INSTALL_NAME_BASE = "$(CONFIGURATION_BUILD_DIR)";
				ENABLE_TESTABILITY = YES;
				LD_RUNPATH_SEARCH_PATHS = "$(TOOLCHAIN_DIR)/usr/lib/swift/macosx";
				MACOSX_DEPLOYMENT_TARGET = 10.10;
				OTHER_CFLAGS = "";
				OTHER_LDFLAGS = "";
				OTHER_SWIFT_FLAGS = "-DXcode";
				PRODUCT_MODULE_NAME = Socket;
				PRODUCT_NAME = "lib$(TARGET_NAME)";
				SWIFT_OPTIMIZATION_LEVEL = "-Onone";
			};
			name = Debug;
		};
		"___DebugConf_SwiftyJSON" /* Debug */ = {
			isa = XCBuildConfiguration;
			buildSettings = {
				COMBINE_HIDPI_IMAGES = YES;
				DYLIB_INSTALL_NAME_BASE = "$(CONFIGURATION_BUILD_DIR)";
				ENABLE_TESTABILITY = YES;
				LD_RUNPATH_SEARCH_PATHS = "$(TOOLCHAIN_DIR)/usr/lib/swift/macosx";
				MACOSX_DEPLOYMENT_TARGET = 10.10;
				OTHER_CFLAGS = "";
				OTHER_LDFLAGS = "";
				OTHER_SWIFT_FLAGS = "-DXcode";
				PRODUCT_MODULE_NAME = SwiftyJSON;
				PRODUCT_NAME = "lib$(TARGET_NAME)";
				SWIFT_OPTIMIZATION_LEVEL = "-Onone";
			};
			name = Debug;
		};
		"_____Release_" /* Release */ = {
			isa = XCBuildConfiguration;
			buildSettings = {
			};
			name = Release;
		};
		"_______Debug_" /* Debug */ = {
			isa = XCBuildConfiguration;
			buildSettings = {
			};
			name = Debug;
		};
/* End XCBuildConfiguration section */

/* Begin XCConfigurationList section */
		"___RootConfs_" /* Build configuration list for PBXProject "Server" */ = {
			isa = XCConfigurationList;
			buildConfigurations = (
				"_______Debug_" /* Debug */,
				"_____Release_" /* Release */,
			);
			defaultConfigurationIsVisible = 0;
			defaultConfigurationName = Debug;
		};
		"_______Confs_CHttpParser" /* Build configuration list for PBXNativeTarget "CHttpParser" */ = {
			isa = XCConfigurationList;
			buildConfigurations = (
				"___DebugConf_CHttpParser" /* Debug */,
				_ReleaseConf_CHttpParser /* Release */,
			);
			defaultConfigurationIsVisible = 0;
			defaultConfigurationName = Debug;
		};
		"_______Confs_Common" /* Build configuration list for PBXNativeTarget "Common" */ = {
			isa = XCConfigurationList;
			buildConfigurations = (
				"___DebugConf_Common" /* Debug */,
				_ReleaseConf_Common /* Release */,
			);
			defaultConfigurationIsVisible = 0;
			defaultConfigurationName = Debug;
		};
		"_______Confs_Kitura" /* Build configuration list for PBXNativeTarget "Kitura" */ = {
			isa = XCConfigurationList;
			buildConfigurations = (
				"___DebugConf_Kitura" /* Debug */,
				_ReleaseConf_Kitura /* Release */,
			);
			defaultConfigurationIsVisible = 0;
			defaultConfigurationName = Debug;
		};
		"_______Confs_KituraNet" /* Build configuration list for PBXNativeTarget "KituraNet" */ = {
			isa = XCConfigurationList;
			buildConfigurations = (
				"___DebugConf_KituraNet" /* Debug */,
				_ReleaseConf_KituraNet /* Release */,
			);
			defaultConfigurationIsVisible = 0;
			defaultConfigurationName = Debug;
		};
		"_______Confs_KituraSys" /* Build configuration list for PBXNativeTarget "KituraSys" */ = {
			isa = XCConfigurationList;
			buildConfigurations = (
				"___DebugConf_KituraSys" /* Debug */,
				_ReleaseConf_KituraSys /* Release */,
			);
			defaultConfigurationIsVisible = 0;
			defaultConfigurationName = Debug;
		};
		"_______Confs_KituraTemplateEngine" /* Build configuration list for PBXNativeTarget "Kitura-TemplateEngine" */ = {
			isa = XCConfigurationList;
			buildConfigurations = (
				"___DebugConf_KituraTemplateEngine" /* Debug */,
				_ReleaseConf_KituraTemplateEngine /* Release */,
			);
			defaultConfigurationIsVisible = 0;
			defaultConfigurationName = Debug;
		};
		"_______Confs_LoggerAPI" /* Build configuration list for PBXNativeTarget "LoggerAPI" */ = {
			isa = XCConfigurationList;
			buildConfigurations = (
				"___DebugConf_LoggerAPI" /* Debug */,
				_ReleaseConf_LoggerAPI /* Release */,
			);
			defaultConfigurationIsVisible = 0;
			defaultConfigurationName = Debug;
		};
		"_______Confs_Server" /* Build configuration list for PBXNativeTarget "Server" */ = {
			isa = XCConfigurationList;
			buildConfigurations = (
				"___DebugConf_Server" /* Debug */,
				_ReleaseConf_Server /* Release */,
			);
			defaultConfigurationIsVisible = 0;
			defaultConfigurationName = Debug;
		};
		"_______Confs_Socket" /* Build configuration list for PBXNativeTarget "Socket" */ = {
			isa = XCConfigurationList;
			buildConfigurations = (
				"___DebugConf_Socket" /* Debug */,
				_ReleaseConf_Socket /* Release */,
			);
			defaultConfigurationIsVisible = 0;
			defaultConfigurationName = Debug;
		};
		"_______Confs_SwiftyJSON" /* Build configuration list for PBXNativeTarget "SwiftyJSON" */ = {
			isa = XCConfigurationList;
			buildConfigurations = (
				"___DebugConf_SwiftyJSON" /* Debug */,
				_ReleaseConf_SwiftyJSON /* Release */,
			);
			defaultConfigurationIsVisible = 0;
			defaultConfigurationName = Debug;
		};
/* End XCConfigurationList section */
	};
	rootObject = __RootObject_ /* Project object */;
}
